// !$*UTF8*$!
{
	archiveVersion = 1;
	classes = {
	};
	objectVersion = 46;
	objects = {

/* Begin PBXBuildFile section */
		E509E4701D1DB91200FDC695 /* main.cpp in Sources */ = {isa = PBXBuildFile; fileRef = E509E46F1D1DB91200FDC695 /* main.cpp */; };
/* End PBXBuildFile section */

/* Begin PBXCopyFilesBuildPhase section */
		E509E46A1D1DB91200FDC695 /* CopyFiles */ = {
			isa = PBXCopyFilesBuildPhase;
			buildActionMask = 2147483647;
			dstPath = /usr/share/man/man1/;
			dstSubfolderSpec = 0;
			files = (
			);
			runOnlyForDeploymentPostprocessing = 1;
		};
/* End PBXCopyFilesBuildPhase section */

/* Begin PBXFileReference section */
		E509E46C1D1DB91200FDC695 /* BaiduPhoneInterview */ = {isa = PBXFileReference; explicitFileType = "compiled.mach-o.executable"; includeInIndex = 0; path = BaiduPhoneInterview; sourceTree = BUILT_PRODUCTS_DIR; };
		E509E46F1D1DB91200FDC695 /* main.cpp */ = {isa = PBXFileReference; lastKnownFileType = sourcecode.cpp.cpp; path = main.cpp; sourceTree = "<group>"; };
		E582E80E1D1DC11F00BA6957 /* ValidateBinarySearchTree.h */ = {isa = PBXFileReference; lastKnownFileType = sourcecode.c.h; path = ValidateBinarySearchTree.h; sourceTree = "<group>"; };
		E582E80F1D1DC26A00BA6957 /* DataStructure.h */ = {isa = PBXFileReference; fileEncoding = 4; lastKnownFileType = sourcecode.c.h; path = DataStructure.h; sourceTree = "<group>"; };
		E582E8101D1DC7A500BA6957 /* FindKthLargestInUnsortedArray.h */ = {isa = PBXFileReference; lastKnownFileType = sourcecode.c.h; path = FindKthLargestInUnsortedArray.h; sourceTree = "<group>"; };
		E582E8111D1DE23B00BA6957 /* MyVector.h */ = {isa = PBXFileReference; lastKnownFileType = sourcecode.c.h; path = MyVector.h; sourceTree = "<group>"; };
		E582E8121D1E20AB00BA6957 /* LRUCache.h */ = {isa = PBXFileReference; lastKnownFileType = sourcecode.c.h; path = LRUCache.h; sourceTree = "<group>"; };
		E582E8131D1E278100BA6957 /* WordSearch.h */ = {isa = PBXFileReference; lastKnownFileType = sourcecode.c.h; path = WordSearch.h; sourceTree = "<group>"; };
		E582E8141D1E3A2600BA6957 /* Search2DMatrix.h */ = {isa = PBXFileReference; lastKnownFileType = sourcecode.c.h; path = Search2DMatrix.h; sourceTree = "<group>"; };
/* End PBXFileReference section */

/* Begin PBXFrameworksBuildPhase section */
		E509E4691D1DB91200FDC695 /* Frameworks */ = {
			isa = PBXFrameworksBuildPhase;
			buildActionMask = 2147483647;
			files = (
			);
			runOnlyForDeploymentPostprocessing = 0;
		};
/* End PBXFrameworksBuildPhase section */

/* Begin PBXGroup section */
		E509E4631D1DB91200FDC695 = {
			isa = PBXGroup;
			children = (
				E509E46E1D1DB91200FDC695 /* BaiduPhoneInterview */,
				E509E46D1D1DB91200FDC695 /* Products */,
			);
			sourceTree = "<group>";
		};
		E509E46D1D1DB91200FDC695 /* Products */ = {
			isa = PBXGroup;
			children = (
				E509E46C1D1DB91200FDC695 /* BaiduPhoneInterview */,
			);
			name = Products;
			sourceTree = "<group>";
		};
		E509E46E1D1DB91200FDC695 /* BaiduPhoneInterview */ = {
			isa = PBXGroup;
			children = (
				E582E80F1D1DC26A00BA6957 /* DataStructure.h */,
				E509E46F1D1DB91200FDC695 /* main.cpp */,
				E582E80E1D1DC11F00BA6957 /* ValidateBinarySearchTree.h */,
				E582E8101D1DC7A500BA6957 /* FindKthLargestInUnsortedArray.h */,
				E582E8111D1DE23B00BA6957 /* MyVector.h */,
				E582E8121D1E20AB00BA6957 /* LRUCache.h */,
				E582E8131D1E278100BA6957 /* WordSearch.h */,
				E582E8141D1E3A2600BA6957 /* Search2DMatrix.h */,
			);
			path = BaiduPhoneInterview;
			sourceTree = "<group>";
		};
/* End PBXGroup section */

/* Begin PBXNativeTarget section */
		E509E46B1D1DB91200FDC695 /* BaiduPhoneInterview */ = {
			isa = PBXNativeTarget;
			buildConfigurationList = E509E4731D1DB91200FDC695 /* Build configuration list for PBXNativeTarget "BaiduPhoneInterview" */;
			buildPhases = (
				E509E4681D1DB91200FDC695 /* Sources */,
				E509E4691D1DB91200FDC695 /* Frameworks */,
				E509E46A1D1DB91200FDC695 /* CopyFiles */,
			);
			buildRules = (
			);
			dependencies = (
			);
			name = BaiduPhoneInterview;
			productName = BaiduPhoneInterview;
			productReference = E509E46C1D1DB91200FDC695 /* BaiduPhoneInterview */;
			productType = "com.apple.product-type.tool";
		};
/* End PBXNativeTarget section */

/* Begin PBXProject section */
		E509E4641D1DB91200FDC695 /* Project object */ = {
			isa = PBXProject;
			attributes = {
				LastUpgradeCheck = 0730;
				ORGANIZATIONNAME = Jerome;
				TargetAttributes = {
					E509E46B1D1DB91200FDC695 = {
						CreatedOnToolsVersion = 7.3.1;
					};
				};
			};
			buildConfigurationList = E509E4671D1DB91200FDC695 /* Build configuration list for PBXProject "BaiduPhoneInterview" */;
			compatibilityVersion = "Xcode 3.2";
			developmentRegion = English;
			hasScannedForEncodings = 0;
			knownRegions = (
				en,
			);
			mainGroup = E509E4631D1DB91200FDC695;
			productRefGroup = E509E46D1D1DB91200FDC695 /* Products */;
			projectDirPath = "";
			projectRoot = "";
			targets = (
				E509E46B1D1DB91200FDC695 /* BaiduPhoneInterview */,
			);
		};
/* End PBXProject section */

/* Begin PBXSourcesBuildPhase section */
		E509E4681D1DB91200FDC695 /* Sources */ = {
			isa = PBXSourcesBuildPhase;
			buildActionMask = 2147483647;
			files = (
				E509E4701D1DB91200FDC695 /* main.cpp in Sources */,
			);
			runOnlyForDeploymentPostprocessing = 0;
		};
/* End PBXSourcesBuildPhase section */

/* Begin XCBuildConfiguration section */
		E509E4711D1DB91200FDC695 /* Debug */ = {
			isa = XCBuildConfiguration;
			buildSettings = {
				ALWAYS_SEARCH_USER_PATHS = NO;
				CLANG_ANALYZER_NONNULL = YES;
				CLANG_CXX_LANGUAGE_STANDARD = "gnu++0x";
				CLANG_CXX_LIBRARY = "libc++";
				CLANG_ENABLE_MODULES = YES;
				CLANG_ENABLE_OBJC_ARC = YES;
				CLANG_WARN_BOOL_CONVERSION = YES;
				CLANG_WARN_CONSTANT_CONVERSION = YES;
				CLANG_WARN_DIRECT_OBJC_ISA_USAGE = YES_ERROR;
				CLANG_WARN_EMPTY_BODY = YES;
				CLANG_WARN_ENUM_CONVERSION = YES;
				CLANG_WARN_INT_CONVERSION = YES;
				CLANG_WARN_OBJC_ROOT_CLASS = YES_ERROR;
				CLANG_WARN_UNREACHABLE_CODE = YES;
				CLANG_WARN__DUPLICATE_METHOD_MATCH = YES;
				CODE_SIGN_IDENTITY = "-";
				COPY_PHASE_STRIP = NO;
				DEBUG_INFORMATION_FORMAT = dwarf;
				ENABLE_STRICT_OBJC_MSGSEND = YES;
				ENABLE_TESTABILITY = YES;
				GCC_C_LANGUAGE_STANDARD = gnu99;
				GCC_DYNAMIC_NO_PIC = NO;
				GCC_NO_COMMON_BLOCKS = YES;
				GCC_OPTIMIZATION_LEVEL = 0;
				GCC_PREPROCESSOR_DEFINITIONS = (
					"DEBUG=1",
					"$(inherited)",
				);
				GCC_WARN_64_TO_32_BIT_CONVERSION = YES;
				GCC_WARN_ABOUT_RETURN_TYPE = YES_ERROR;
				GCC_WARN_UNDECLARED_SELECTOR = YES;
				GCC_WARN_UNINITIALIZED_AUTOS = YES_AGGRESSIVE;
				GCC_WARN_UNUSED_FUNCTION = YES;
				GCC_WARN_UNUSED_VARIABLE = YES;
				MACOSX_DEPLOYMENT_TARGET = 10.11;
				MTL_ENABLE_DEBUG_INFO = YES;
				ONLY_ACTIVE_ARCH = YES;
				SDKROOT = macosx;
			};
			name = Debug;
		};
		E509E4721D1DB91200FDC695 /* Release */ = {
			isa = XCBuildConfiguration;
			buildSettings = {
				ALWAYS_SEARCH_USER_PATHS = NO;
				CLANG_ANALYZER_NONNULL = YES;
				CLANG_CXX_LANGUAGE_STANDARD = "gnu++0x";
				CLANG_CXX_LIBRARY = "libc++";
				CLANG_ENABLE_MODULES = YES;
				CLANG_ENABLE_OBJC_ARC = YES;
				CLANG_WARN_BOOL_CONVERSION = YES;
				CLANG_WARN_CONSTANT_CONVERSION = YES;
				CLANG_WARN_DIRECT_OBJC_ISA_USAGE = YES_ERROR;
				CLANG_WARN_EMPTY_BODY = YES;
				CLANG_WARN_ENUM_CONVERSION = YES;
				CLANG_WARN_INT_CONVERSION = YES;
				CLANG_WARN_OBJC_ROOT_CLASS = YES_ERROR;
				CLANG_WARN_UNREACHABLE_CODE = YES;
				CLANG_WARN__DUPLICATE_METHOD_MATCH = YES;
				CODE_SIGN_IDENTITY = "-";
				COPY_PHASE_STRIP = NO;
				DEBUG_INFORMATION_FORMAT = "dwarf-with-dsym";
				ENABLE_NS_ASSERTIONS = NO;
				ENABLE_STRICT_OBJC_MSGSEND = YES;
				GCC_C_LANGUAGE_STANDARD = gnu99;
				GCC_NO_COMMON_BLOCKS = YES;
				GCC_WARN_64_TO_32_BIT_CONVERSION = YES;
				GCC_WARN_ABOUT_RETURN_TYPE = YES_ERROR;
				GCC_WARN_UNDECLARED_SELECTOR = YES;
				GCC_WARN_UNINITIALIZED_AUTOS = YES_AGGRESSIVE;
				GCC_WARN_UNUSED_FUNCTION = YES;
				GCC_WARN_UNUSED_VARIABLE = YES;
				MACOSX_DEPLOYMENT_TARGET = 10.11;
				MTL_ENABLE_DEBUG_INFO = NO;
				SDKROOT = macosx;
			};
			name = Release;
		};
		E509E4741D1DB91200FDC695 /* Debug */ = {
			isa = XCBuildConfiguration;
			buildSettings = {
				PRODUCT_NAME = "$(TARGET_NAME)";
			};
			name = Debug;
		};
		E509E4751D1DB91200FDC695 /* Release */ = {
			isa = XCBuildConfiguration;
			buildSettings = {
				PRODUCT_NAME = "$(TARGET_NAME)";
			};
			name = Release;
		};
/* End XCBuildConfiguration section */

/* Begin XCConfigurationList section */
		E509E4671D1DB91200FDC695 /* Build configuration list for PBXProject "BaiduPhoneInterview" */ = {
			isa = XCConfigurationList;
			buildConfigurations = (
				E509E4711D1DB91200FDC695 /* Debug */,
				E509E4721D1DB91200FDC695 /* Release */,
			);
			defaultConfigurationIsVisible = 0;
			defaultConfigurationName = Release;
		};
		E509E4731D1DB91200FDC695 /* Build configuration list for PBXNativeTarget "BaiduPhoneInterview" */ = {
			isa = XCConfigurationList;
			buildConfigurations = (
				E509E4741D1DB91200FDC695 /* Debug */,
				E509E4751D1DB91200FDC695 /* Release */,
			);
			defaultConfigurationIsVisible = 0;
			defaultConfigurationName = Release;
		};
/* End XCConfigurationList section */
	};
	rootObject = E509E4641D1DB91200FDC695 /* Project object */;
}
